
Microsoft Visual Studio Solution File, Format Version 12.00
# Visual Studio Version 17
VisualStudioVersion = 17.8.34330.188
MinimumVisualStudioVersion = 10.0.40219.1
Project("{FAE04EC0-301F-11D3-BF4B-00C04F79EFBC}") = "CasaDeCambio", "CasaDeCambio\CasaDeCambio.csproj", "{52A82CA8-3B31-4BE4-8455-4B06FE311395}"
EndProject
Project("{2150E333-8FDC-42A3-9474-1A3956D46DE8}") = "Elementos de la solución", "Elementos de la solución", "{E5F7E85F-8A10-429C-95BE-07717C9F76A4}"
	ProjectSection(SolutionItems) = preProject
		insert-tablas.txt = insert-tablas.txt
		script-db.txt = script-db.txt
	EndProjectSection
EndProject
Global
	GlobalSection(SolutionConfigurationPlatforms) = preSolution
		Debug|Any CPU = Debug|Any CPU
		Release|Any CPU = Release|Any CPU
	EndGlobalSection
	GlobalSection(ProjectConfigurationPlatforms) = postSolution
		{52A82CA8-3B31-4BE4-8455-4B06FE311395}.Debug|Any CPU.ActiveCfg = Debug|Any CPU
		{52A82CA8-3B31-4BE4-8455-4B06FE311395}.Debug|Any CPU.Build.0 = Debug|Any CPU
		{52A82CA8-3B31-4BE4-8455-4B06FE311395}.Release|Any CPU.ActiveCfg = Release|Any CPU
		{52A82CA8-3B31-4BE4-8455-4B06FE311395}.Release|Any CPU.Build.0 = Release|Any CPU
	EndGlobalSection
	GlobalSection(SolutionProperties) = preSolution
		HideSolutionNode = FALSE
	EndGlobalSection
	GlobalSection(ExtensibilityGlobals) = postSolution
		SolutionGuid = {0BB22787-0579-4EDD-8B86-5FFA74FC2C7E}
	EndGlobalSection
EndGlobal
